<?xml version="1.0" encoding="UTF-8" standalone="yes" ?>
<CodeBlocks_project_file>
	<FileVersion major="1" minor="6" />
	<Project>
		<Option title="CppBasics" />
		<Option pch_mode="2" />
		<Option compiler="gcc" />
		<Build>
			<Target title="Debug">
				<Option output="bin/Debug/01helloworld" prefix_auto="1" extension_auto="1" />
				<Option object_output="obj/Debug/" />
				<Option type="1" />
				<Option compiler="gcc" />
				<Compiler>
					<Add option="-g" />
				</Compiler>
			</Target>
			<Target title="Release">
				<Option output="bin/Release/01helloworld" prefix_auto="1" extension_auto="1" />
				<Option object_output="obj/Release/" />
				<Option type="1" />
				<Option compiler="gcc" />
				<Compiler>
					<Add option="-O2" />
				</Compiler>
				<Linker>
					<Add option="-s" />
				</Linker>
			</Target>
		</Build>
		<Compiler>
			<Add option="-Wall" />
		</Compiler>
		<Unit filename="ArithmeticOperator.cpp" />
		<Unit filename="BitACM2020WinterTrainingCourse-STL.cpp" />
		<Unit filename="GlobalFunctionAsfriend.cpp" />
		<Unit filename="MemberFuncCreateTimingOfClassTemplate.cpp" />
		<Unit filename="MyArray.hpp" />
		<Unit filename="Person.cpp" />
		<Unit filename="Person.hpp" />
		<Unit filename="STLDemoEmployeeGroup.cpp" />
		<Unit filename="STLDemoJudgeScore.cpp" />
		<Unit filename="StudentClass.cpp" />
		<Unit filename="arrayClassEncapsulation.cpp" />
		<Unit filename="assignmentOperator.cpp" />
		<Unit filename="binaryFileRead.cpp" />
		<Unit filename="binaryFileWrite.cpp" />
		<Unit filename="bool.cpp" />
		<Unit filename="breakStatement.cpp" />
		<Unit filename="bubbleSort.cpp" />
		<Unit filename="built-inArithmeticalFunctor.cpp" />
		<Unit filename="built-inLogicalFunctor.cpp" />
		<Unit filename="built-inRelationalFunctor.cpp" />
		<Unit filename="char.cpp" />
		<Unit filename="classObjectAsClassMember.cpp" />
		<Unit filename="classTemplateAndFriend.cpp" />
		<Unit filename="classTemplateAndInheritence.cpp" />
		<Unit filename="classTemplateAsFuncParam.cpp" />
		<Unit filename="classTemplateBasics.cpp" />
		<Unit filename="classTemplateMemberFuncImplementOutOfClass.cpp" />
		<Unit filename="classTemplateSubFile.cpp" />
		<Unit filename="classTemplateVsFuncTemplate.cpp" />
		<Unit filename="classificationAndInvocationOfConstructor.cpp" />
		<Unit filename="comment.cpp" />
		<Unit filename="commonArithmeticGenerationAlgorithmAccumulate.cpp" />
		<Unit filename="commonArithmeticGenerationAlgorithmFill.cpp" />
		<Unit filename="commonCopyAndReplaceAlgorithmCopy.cpp" />
		<Unit filename="commonCopyAndReplaceAlgorithmReplace.cpp" />
		<Unit filename="commonCopyAndReplaceAlgorithmReplace_if.cpp" />
		<Unit filename="commonCopyAndReplaceAlgorithmSwap.cpp" />
		<Unit filename="commonFindAlgorithmAdjacent_find.cpp" />
		<Unit filename="commonFindAlgorithmBinary_search.cpp" />
		<Unit filename="commonFindAlgorithmCount.cpp" />
		<Unit filename="commonFindAlgorithmCount_if.cpp" />
		<Unit filename="commonFindAlgorithmFind_if.cpp" />
		<Unit filename="commonSetAlgorithmSet_difference.cpp" />
		<Unit filename="commonSetAlgorithmSet_intersection.cpp" />
		<Unit filename="commonSetAlgorithmSet_union.cpp" />
		<Unit filename="commonSortingAlgorithmMerge.cpp" />
		<Unit filename="commonSortingAlgorithmRandom_shuffle.cpp" />
		<Unit filename="commonSortingAlgorithmReverse.cpp" />
		<Unit filename="commonSortingAlgorithmSort.cpp" />
		<Unit filename="commonTraversalAlgorithmFind.cpp" />
		<Unit filename="commonTraversalAlgorithmFor_each.cpp" />
		<Unit filename="commonTraversalAlgorithmTransform.cpp" />
		<Unit filename="comparisonOperator.cpp" />
		<Unit filename="constInStruct.cpp" />
		<Unit filename="constModifierMemberFunction.cpp" />
		<Unit filename="constModifierPointer.cpp" />
		<Unit filename="constant.cpp" />
		<Unit filename="constantReference.cpp" />
		<Unit filename="constructorAndDestructor.cpp" />
		<Unit filename="constructorCallRules.cpp" />
		<Unit filename="constructorInitializerList.cpp" />
		<Unit filename="containerNestcontainer.cpp" />
		<Unit filename="continueStatement.cpp" />
		<Unit filename="copyConstructorCallTiming.cpp" />
		<Unit filename="deepCopyAndShallowCopy.cpp" />
		<Unit filename="dequeAccess.cpp" />
		<Unit filename="dequeAssignment.cpp" />
		<Unit filename="dequeConstructor.cpp" />
		<Unit filename="dequeInsertionAndDeletion.cpp" />
		<Unit filename="dequeSize.cpp" />
		<Unit filename="dequeSort.cpp" />
		<Unit filename="differenceOfClassAndStruct.cpp" />
		<Unit filename="dowhileLoopStatement.cpp" />
		<Unit filename="encapsulatedPermissionControl.cpp" />
		<Unit filename="encapsulationAsAWhole.cpp" />
		<Unit filename="encapsulationDemoCube.cpp" />
		<Unit filename="encapsulationDemoPointAndCircle.cpp" />
		<Unit filename="escape.cpp" />
		<Unit filename="examResultStatistics.cpp" />
		<Unit filename="fivePigsWeigh.cpp" />
		<Unit filename="forLoopStructure.cpp" />
		<Unit filename="functionDeclaration.cpp" />
		<Unit filename="functionDefaultParamater.cpp" />
		<Unit filename="functionDefinition.cpp" />
		<Unit filename="functionObjectBasics.cpp" />
		<Unit filename="functionOverloadingAnnouncements.cpp" />
		<Unit filename="functionOverloadingBasics.cpp" />
		<Unit filename="functionPlaceholderParamater.cpp" />
		<Unit filename="functionStyle.cpp" />
		<Unit filename="functionSubfile.cpp" />
		<Unit filename="functionTemplateAnnoucements.cpp" />
		<Unit filename="functionTemplateArraySort.cpp" />
		<Unit filename="functionTemplateBasics.cpp" />
		<Unit filename="gotoStatement.cpp" />
		<Unit filename="helloworld.cpp" />
		<Unit filename="integer.cpp" />
		<Unit filename="invertArrayElement.cpp" />
		<Unit filename="knockTableGame.cpp" />
		<Unit filename="listAccess.cpp" />
		<Unit filename="listAssignmentAndSwap.cpp" />
		<Unit filename="listConstructor.cpp" />
		<Unit filename="listDemoUDDT.cpp" />
		<Unit filename="listInsertionAndDeletion.cpp" />
		<Unit filename="listReverseAndSort.cpp" />
		<Unit filename="listSize.cpp" />
		<Unit filename="logicalOperator.cpp" />
		<Unit filename="mapConstructorAndAssignment.cpp" />
		<Unit filename="mapFindAndCount.cpp" />
		<Unit filename="mapInsertionAndDeletion.cpp" />
		<Unit filename="mapSizeAndSwap.cpp" />
		<Unit filename="mapSort.cpp" />
		<Unit filename="memberVarAndMemberFunStore.cpp" />
		<Unit filename="memoryModelGlobalArea.cpp" />
		<Unit filename="memoryModelHeapArea.cpp" />
		<Unit filename="memoryModelStackArea.cpp" />
		<Unit filename="multiplicationTable.cpp" />
		<Unit filename="narcissisticNumber.cpp" />
		<Unit filename="nestedIfStatement.cpp" />
		<Unit filename="nestedLoop.cpp" />
		<Unit filename="nestedStructure.cpp" />
		<Unit filename="newOperator.cpp" />
		<Unit filename="nullPointer.cpp" />
		<Unit filename="nullptrAccessMemberFunction.cpp" />
		<Unit filename="numberGuessGame.cpp" />
		<Unit filename="one-dimensionalArray.cpp" />
		<Unit filename="one-dimensionalArrayNameUsage.cpp" />
		<Unit filename="one-placePredicate.cpp" />
		<Unit filename="ordFuncAndFuncTemplateCallRules.cpp" />
		<Unit filename="ordinaryFuncVsFuncTemplate.cpp" />
		<Unit filename="pairConstructor.cpp" />
		<Unit filename="passValue.cpp" />
		<Unit filename="point.cpp" />
		<Unit filename="point.h" />
		<Unit filename="pointerAndArray.cpp" />
		<Unit filename="pointerAndFunction.cpp" />
		<Unit filename="pointerBubbleSort.cpp" />
		<Unit filename="pointerDefinition.cpp" />
		<Unit filename="pointerMemorySize.cpp" />
		<Unit filename="privatizationOfMemberAttribute.cpp" />
		<Unit filename="queueCommonInterface.cpp" />
		<Unit filename="real.cpp" />
		<Unit filename="referenceAsFunctionArgument.cpp" />
		<Unit filename="referenceAsFunctionReturnValue.cpp" />
		<Unit filename="referenceBasics.cpp" />
		<Unit filename="selectionStructure.cpp" />
		<Unit filename="setBulti-inDataTypeSpecifySortRule.cpp" />
		<Unit filename="setConstructorAndAssignment.cpp" />
		<Unit filename="setFindAndCount.cpp" />
		<Unit filename="setInsertionAndDeletion.cpp" />
		<Unit filename="setSizeAndSwap.cpp" />
		<Unit filename="setUser-definedDataTypeSpecifySortRule.cpp" />
		<Unit filename="setVsMultiset.cpp" />
		<Unit filename="stackCommonInterface.cpp" />
		<Unit filename="staticMemberFunction.cpp" />
		<Unit filename="staticMemberVariable.cpp" />
		<Unit filename="stdio.cpp" />
		<Unit filename="string.cpp" />
		<Unit filename="stringAccess.cpp" />
		<Unit filename="stringAssignmentOperator.cpp" />
		<Unit filename="stringComparison.cpp" />
		<Unit filename="stringConcatenation.cpp" />
		<Unit filename="stringConstructor.cpp" />
		<Unit filename="stringInsertionAndDeletion.cpp" />
		<Unit filename="stringLookupAndReplacement.cpp" />
		<Unit filename="stringSubstring.cpp" />
		<Unit filename="structArray.cpp" />
		<Unit filename="structAsFunctionArgument.cpp" />
		<Unit filename="structCase1.cpp" />
		<Unit filename="structCase2.cpp" />
		<Unit filename="structDefinition.cpp" />
		<Unit filename="structurePointer.cpp" />
		<Unit filename="swap1.cpp" />
		<Unit filename="swap1.h" />
		<Unit filename="swapVectorContainer.cpp" />
		<Unit filename="ternaryOperator.cpp" />
		<Unit filename="textFileRead.cpp" />
		<Unit filename="textFileWrite.cpp" />
		<Unit filename="thisPointer.cpp" />
		<Unit filename="threePigsWeigh.cpp" />
		<Unit filename="two-dimensionalArray.cpp" />
		<Unit filename="two-dimensionalArrayNameUsage.cpp" />
		<Unit filename="two-placePredicate.cpp" />
		<Unit filename="variable.cpp" />
		<Unit filename="vectorAccess.cpp" />
		<Unit filename="vectorAssignment.cpp" />
		<Unit filename="vectorCapacityAndSize.cpp" />
		<Unit filename="vectorConstructor.cpp" />
		<Unit filename="vectorInsertionAndDeletion.cpp" />
		<Unit filename="vectorReserveSpace.cpp" />
		<Unit filename="vectorStoreBulit-inDataTypes.cpp" />
		<Unit filename="vectorStoreUser-definedDataTypes.cpp" />
		<Unit filename="whileLoopStatement.cpp" />
		<Unit filename="wildPointer.cpp" />
		<Extensions />
	</Project>
</CodeBlocks_project_file>
